// !$*UTF8*$!
{
	archiveVersion = 1;
	classes = {
	};
	objectVersion = 56;
	objects = {

/* Begin PBXBuildFile section */
		D39D2C652915FC150069E526 /* AppDelegate.swift in Sources */ = {isa = PBXBuildFile; fileRef = D39D2C642915FC150069E526 /* AppDelegate.swift */; };
		D39D2C672915FC150069E526 /* SceneDelegate.swift in Sources */ = {isa = PBXBuildFile; fileRef = D39D2C662915FC150069E526 /* SceneDelegate.swift */; };
		D39D2C692915FC150069E526 /* ReminderListViewController.swift in Sources */ = {isa = PBXBuildFile; fileRef = D39D2C682915FC150069E526 /* ReminderListViewController.swift */; };
		D39D2C6C2915FC150069E526 /* Main.storyboard in Resources */ = {isa = PBXBuildFile; fileRef = D39D2C6A2915FC150069E526 /* Main.storyboard */; };
		D39D2C6E2915FC170069E526 /* Assets.xcassets in Resources */ = {isa = PBXBuildFile; fileRef = D39D2C6D2915FC170069E526 /* Assets.xcassets */; };
		D39D2C712915FC170069E526 /* LaunchScreen.storyboard in Resources */ = {isa = PBXBuildFile; fileRef = D39D2C6F2915FC170069E526 /* LaunchScreen.storyboard */; };
		D39D2C7A2915FEB90069E526 /* Reminder.swift in Sources */ = {isa = PBXBuildFile; fileRef = D39D2C792915FEB90069E526 /* Reminder.swift */; };
		D39D2C7C29160B1B0069E526 /* Date+Today.swift in Sources */ = {isa = PBXBuildFile; fileRef = D39D2C7B29160B1B0069E526 /* Date+Today.swift */; };
		D39D2C7F29160DA80069E526 /* ReminderListViewController+DataSource.swift in Sources */ = {isa = PBXBuildFile; fileRef = D39D2C7E29160DA80069E526 /* ReminderListViewController+DataSource.swift */; };
		D39D2C812917C50C0069E526 /* UIColor+Today.swift in Sources */ = {isa = PBXBuildFile; fileRef = D39D2C802917C50C0069E526 /* UIColor+Today.swift */; };
		D39D2C832917CC5C0069E526 /* ReminderDoneButton.swift in Sources */ = {isa = PBXBuildFile; fileRef = D39D2C822917CC5C0069E526 /* ReminderDoneButton.swift */; };
		D39D2C852917CDAF0069E526 /* ReminderListViewController+Actions.swift in Sources */ = {isa = PBXBuildFile; fileRef = D39D2C842917CDAF0069E526 /* ReminderListViewController+Actions.swift */; };
		D39D2C872918D9B40069E526 /* ReminderViewController+Section.swift in Sources */ = {isa = PBXBuildFile; fileRef = D39D2C862918D9B40069E526 /* ReminderViewController+Section.swift */; };
		D39D2C892918FDDF0069E526 /* ReminderViewController.swift in Sources */ = {isa = PBXBuildFile; fileRef = D39D2C882918FDDF0069E526 /* ReminderViewController.swift */; };
		D39D2C8C2918FF510069E526 /* ReminderViewController+Row.swift in Sources */ = {isa = PBXBuildFile; fileRef = D39D2C8B2918FF510069E526 /* ReminderViewController+Row.swift */; };
		D39D2C8E29191A3F0069E526 /* ReminderViewController+CellConfiguration.swift in Sources */ = {isa = PBXBuildFile; fileRef = D39D2C8D29191A3F0069E526 /* ReminderViewController+CellConfiguration.swift */; };
		D39D2C9129191D6B0069E526 /* UIView+PinnedSubview.swift in Sources */ = {isa = PBXBuildFile; fileRef = D39D2C9029191D6B0069E526 /* UIView+PinnedSubview.swift */; };
		D39D2C9329191E330069E526 /* TextFieldContentView.swift in Sources */ = {isa = PBXBuildFile; fileRef = D39D2C9229191E330069E526 /* TextFieldContentView.swift */; };
		D39D2C9529191E7C0069E526 /* UIContentConfiguration+Stateless.swift in Sources */ = {isa = PBXBuildFile; fileRef = D39D2C9429191E7C0069E526 /* UIContentConfiguration+Stateless.swift */; };
		D39D2C97291A069F0069E526 /* TextViewContentView.swift in Sources */ = {isa = PBXBuildFile; fileRef = D39D2C96291A069F0069E526 /* TextViewContentView.swift */; };
		D39D2C99291A06ED0069E526 /* DatePickerContentView.swift in Sources */ = {isa = PBXBuildFile; fileRef = D39D2C98291A06ED0069E526 /* DatePickerContentView.swift */; };
/* End PBXBuildFile section */

/* Begin PBXFileReference section */
		D39D2C612915FC150069E526 /* Today.app */ = {isa = PBXFileReference; explicitFileType = wrapper.application; includeInIndex = 0; path = Today.app; sourceTree = BUILT_PRODUCTS_DIR; };
		D39D2C642915FC150069E526 /* AppDelegate.swift */ = {isa = PBXFileReference; lastKnownFileType = sourcecode.swift; path = AppDelegate.swift; sourceTree = "<group>"; };
		D39D2C662915FC150069E526 /* SceneDelegate.swift */ = {isa = PBXFileReference; lastKnownFileType = sourcecode.swift; path = SceneDelegate.swift; sourceTree = "<group>"; };
		D39D2C682915FC150069E526 /* ReminderListViewController.swift */ = {isa = PBXFileReference; lastKnownFileType = sourcecode.swift; path = ReminderListViewController.swift; sourceTree = "<group>"; };
		D39D2C6B2915FC150069E526 /* Base */ = {isa = PBXFileReference; lastKnownFileType = file.storyboard; name = Base; path = Base.lproj/Main.storyboard; sourceTree = "<group>"; };
		D39D2C6D2915FC170069E526 /* Assets.xcassets */ = {isa = PBXFileReference; lastKnownFileType = folder.assetcatalog; path = Assets.xcassets; sourceTree = "<group>"; };
		D39D2C702915FC170069E526 /* Base */ = {isa = PBXFileReference; lastKnownFileType = file.storyboard; name = Base; path = Base.lproj/LaunchScreen.storyboard; sourceTree = "<group>"; };
		D39D2C722915FC170069E526 /* Info.plist */ = {isa = PBXFileReference; lastKnownFileType = text.plist.xml; path = Info.plist; sourceTree = "<group>"; };
		D39D2C792915FEB90069E526 /* Reminder.swift */ = {isa = PBXFileReference; lastKnownFileType = sourcecode.swift; path = Reminder.swift; sourceTree = "<group>"; };
		D39D2C7B29160B1B0069E526 /* Date+Today.swift */ = {isa = PBXFileReference; lastKnownFileType = sourcecode.swift; path = "Date+Today.swift"; sourceTree = "<group>"; };
		D39D2C7E29160DA80069E526 /* ReminderListViewController+DataSource.swift */ = {isa = PBXFileReference; lastKnownFileType = sourcecode.swift; path = "ReminderListViewController+DataSource.swift"; sourceTree = "<group>"; };
		D39D2C802917C50C0069E526 /* UIColor+Today.swift */ = {isa = PBXFileReference; lastKnownFileType = sourcecode.swift; path = "UIColor+Today.swift"; sourceTree = "<group>"; };
		D39D2C822917CC5C0069E526 /* ReminderDoneButton.swift */ = {isa = PBXFileReference; lastKnownFileType = sourcecode.swift; path = ReminderDoneButton.swift; sourceTree = "<group>"; };
		D39D2C842917CDAF0069E526 /* ReminderListViewController+Actions.swift */ = {isa = PBXFileReference; lastKnownFileType = sourcecode.swift; path = "ReminderListViewController+Actions.swift"; sourceTree = "<group>"; };
		D39D2C862918D9B40069E526 /* ReminderViewController+Section.swift */ = {isa = PBXFileReference; lastKnownFileType = sourcecode.swift; path = "ReminderViewController+Section.swift"; sourceTree = "<group>"; };
		D39D2C882918FDDF0069E526 /* ReminderViewController.swift */ = {isa = PBXFileReference; lastKnownFileType = sourcecode.swift; path = ReminderViewController.swift; sourceTree = "<group>"; };
		D39D2C8B2918FF510069E526 /* ReminderViewController+Row.swift */ = {isa = PBXFileReference; lastKnownFileType = sourcecode.swift; path = "ReminderViewController+Row.swift"; sourceTree = "<group>"; };
		D39D2C8D29191A3F0069E526 /* ReminderViewController+CellConfiguration.swift */ = {isa = PBXFileReference; lastKnownFileType = sourcecode.swift; path = "ReminderViewController+CellConfiguration.swift"; sourceTree = "<group>"; };
		D39D2C9029191D6B0069E526 /* UIView+PinnedSubview.swift */ = {isa = PBXFileReference; lastKnownFileType = sourcecode.swift; path = "UIView+PinnedSubview.swift"; sourceTree = "<group>"; };
		D39D2C9229191E330069E526 /* TextFieldContentView.swift */ = {isa = PBXFileReference; lastKnownFileType = sourcecode.swift; path = TextFieldContentView.swift; sourceTree = "<group>"; };
		D39D2C9429191E7C0069E526 /* UIContentConfiguration+Stateless.swift */ = {isa = PBXFileReference; lastKnownFileType = sourcecode.swift; path = "UIContentConfiguration+Stateless.swift"; sourceTree = "<group>"; };
		D39D2C96291A069F0069E526 /* TextViewContentView.swift */ = {isa = PBXFileReference; lastKnownFileType = sourcecode.swift; path = TextViewContentView.swift; sourceTree = "<group>"; };
		D39D2C98291A06ED0069E526 /* DatePickerContentView.swift */ = {isa = PBXFileReference; lastKnownFileType = sourcecode.swift; path = DatePickerContentView.swift; sourceTree = "<group>"; };
/* End PBXFileReference section */

/* Begin PBXFrameworksBuildPhase section */
		D39D2C5E2915FC150069E526 /* Frameworks */ = {
			isa = PBXFrameworksBuildPhase;
			buildActionMask = 2147483647;
			files = (
			);
			runOnlyForDeploymentPostprocessing = 0;
		};
/* End PBXFrameworksBuildPhase section */

/* Begin PBXGroup section */
		D39D2C582915FC150069E526 = {
			isa = PBXGroup;
			children = (
				D39D2C632915FC150069E526 /* Today */,
				D39D2C622915FC150069E526 /* Products */,
			);
			sourceTree = "<group>";
		};
		D39D2C622915FC150069E526 /* Products */ = {
			isa = PBXGroup;
			children = (
				D39D2C612915FC150069E526 /* Today.app */,
			);
			name = Products;
			sourceTree = "<group>";
		};
		D39D2C632915FC150069E526 /* Today */ = {
			isa = PBXGroup;
			children = (
				D39D2C8F29191D450069E526 /* ContentViews */,
				D39D2C782915FE700069E526 /* Models */,
				D39D2C642915FC150069E526 /* AppDelegate.swift */,
				D39D2C662915FC150069E526 /* SceneDelegate.swift */,
				D39D2C8A2918FEFD0069E526 /* DetailViewController */,
				D39D2C7D29160D4B0069E526 /* ListViewController */,
				D39D2C6A2915FC150069E526 /* Main.storyboard */,
				D39D2C6D2915FC170069E526 /* Assets.xcassets */,
				D39D2C6F2915FC170069E526 /* LaunchScreen.storyboard */,
				D39D2C722915FC170069E526 /* Info.plist */,
			);
			path = Today;
			sourceTree = "<group>";
		};
		D39D2C782915FE700069E526 /* Models */ = {
			isa = PBXGroup;
			children = (
				D39D2C792915FEB90069E526 /* Reminder.swift */,
				D39D2C7B29160B1B0069E526 /* Date+Today.swift */,
				D39D2C802917C50C0069E526 /* UIColor+Today.swift */,
			);
			path = Models;
			sourceTree = "<group>";
		};
		D39D2C7D29160D4B0069E526 /* ListViewController */ = {
			isa = PBXGroup;
			children = (
				D39D2C822917CC5C0069E526 /* ReminderDoneButton.swift */,
				D39D2C682915FC150069E526 /* ReminderListViewController.swift */,
				D39D2C7E29160DA80069E526 /* ReminderListViewController+DataSource.swift */,
				D39D2C842917CDAF0069E526 /* ReminderListViewController+Actions.swift */,
			);
			path = ListViewController;
			sourceTree = "<group>";
		};
		D39D2C8A2918FEFD0069E526 /* DetailViewController */ = {
			isa = PBXGroup;
			children = (
				D39D2C882918FDDF0069E526 /* ReminderViewController.swift */,
				D39D2C8B2918FF510069E526 /* ReminderViewController+Row.swift */,
				D39D2C8D29191A3F0069E526 /* ReminderViewController+CellConfiguration.swift */,
				D39D2C862918D9B40069E526 /* ReminderViewController+Section.swift */,
			);
			path = DetailViewController;
			sourceTree = "<group>";
		};
		D39D2C8F29191D450069E526 /* ContentViews */ = {
			isa = PBXGroup;
			children = (
				D39D2C9029191D6B0069E526 /* UIView+PinnedSubview.swift */,
				D39D2C9229191E330069E526 /* TextFieldContentView.swift */,
				D39D2C9429191E7C0069E526 /* UIContentConfiguration+Stateless.swift */,
				D39D2C96291A069F0069E526 /* TextViewContentView.swift */,
				D39D2C98291A06ED0069E526 /* DatePickerContentView.swift */,
			);
			path = ContentViews;
			sourceTree = "<group>";
		};
/* End PBXGroup section */

/* Begin PBXNativeTarget section */
		D39D2C602915FC150069E526 /* Today */ = {
			isa = PBXNativeTarget;
			buildConfigurationList = D39D2C752915FC170069E526 /* Build configuration list for PBXNativeTarget "Today" */;
			buildPhases = (
				D39D2C5D2915FC150069E526 /* Sources */,
				D39D2C5E2915FC150069E526 /* Frameworks */,
				D39D2C5F2915FC150069E526 /* Resources */,
			);
			buildRules = (
			);
			dependencies = (
			);
			name = Today;
			productName = Today;
			productReference = D39D2C612915FC150069E526 /* Today.app */;
			productType = "com.apple.product-type.application";
		};
/* End PBXNativeTarget section */

/* Begin PBXProject section */
		D39D2C592915FC150069E526 /* Project object */ = {
			isa = PBXProject;
			attributes = {
				BuildIndependentTargetsInParallel = 1;
				LastSwiftUpdateCheck = 1400;
				LastUpgradeCheck = 1400;
				TargetAttributes = {
					D39D2C602915FC150069E526 = {
						CreatedOnToolsVersion = 14.0;
					};
				};
			};
			buildConfigurationList = D39D2C5C2915FC150069E526 /* Build configuration list for PBXProject "Today" */;
			compatibilityVersion = "Xcode 14.0";
			developmentRegion = en;
			hasScannedForEncodings = 0;
			knownRegions = (
				en,
				Base,
			);
			mainGroup = D39D2C582915FC150069E526;
			productRefGroup = D39D2C622915FC150069E526 /* Products */;
			projectDirPath = "";
			projectRoot = "";
			targets = (
				D39D2C602915FC150069E526 /* Today */,
			);
		};
/* End PBXProject section */

/* Begin PBXResourcesBuildPhase section */
		D39D2C5F2915FC150069E526 /* Resources */ = {
			isa = PBXResourcesBuildPhase;
			buildActionMask = 2147483647;
			files = (
				D39D2C712915FC170069E526 /* LaunchScreen.storyboard in Resources */,
				D39D2C6E2915FC170069E526 /* Assets.xcassets in Resources */,
				D39D2C6C2915FC150069E526 /* Main.storyboard in Resources */,
			);
			runOnlyForDeploymentPostprocessing = 0;
		};
/* End PBXResourcesBuildPhase section */

/* Begin PBXSourcesBuildPhase section */
		D39D2C5D2915FC150069E526 /* Sources */ = {
			isa = PBXSourcesBuildPhase;
			buildActionMask = 2147483647;
			files = (
				D39D2C812917C50C0069E526 /* UIColor+Today.swift in Sources */,
				D39D2C852917CDAF0069E526 /* ReminderListViewController+Actions.swift in Sources */,
				D39D2C99291A06ED0069E526 /* DatePickerContentView.swift in Sources */,
				D39D2C8C2918FF510069E526 /* ReminderViewController+Row.swift in Sources */,
				D39D2C692915FC150069E526 /* ReminderListViewController.swift in Sources */,
				D39D2C7F29160DA80069E526 /* ReminderListViewController+DataSource.swift in Sources */,
				D39D2C9529191E7C0069E526 /* UIContentConfiguration+Stateless.swift in Sources */,
				D39D2C832917CC5C0069E526 /* ReminderDoneButton.swift in Sources */,
				D39D2C7C29160B1B0069E526 /* Date+Today.swift in Sources */,
				D39D2C9329191E330069E526 /* TextFieldContentView.swift in Sources */,
				D39D2C97291A069F0069E526 /* TextViewContentView.swift in Sources */,
				D39D2C652915FC150069E526 /* AppDelegate.swift in Sources */,
				D39D2C672915FC150069E526 /* SceneDelegate.swift in Sources */,
				D39D2C9129191D6B0069E526 /* UIView+PinnedSubview.swift in Sources */,
				D39D2C8E29191A3F0069E526 /* ReminderViewController+CellConfiguration.swift in Sources */,
				D39D2C892918FDDF0069E526 /* ReminderViewController.swift in Sources */,
				D39D2C872918D9B40069E526 /* ReminderViewController+Section.swift in Sources */,
				D39D2C7A2915FEB90069E526 /* Reminder.swift in Sources */,
			);
			runOnlyForDeploymentPostprocessing = 0;
		};
/* End PBXSourcesBuildPhase section */

/* Begin PBXVariantGroup section */
		D39D2C6A2915FC150069E526 /* Main.storyboard */ = {
			isa = PBXVariantGroup;
			children = (
				D39D2C6B2915FC150069E526 /* Base */,
			);
			name = Main.storyboard;
			sourceTree = "<group>";
		};
		D39D2C6F2915FC170069E526 /* LaunchScreen.storyboard */ = {
			isa = PBXVariantGroup;
			children = (
				D39D2C702915FC170069E526 /* Base */,
			);
			name = LaunchScreen.storyboard;
			sourceTree = "<group>";
		};
/* End PBXVariantGroup section */

/* Begin XCBuildConfiguration section */
		D39D2C732915FC170069E526 /* Debug */ = {
			isa = XCBuildConfiguration;
			buildSettings = {
				ALWAYS_SEARCH_USER_PATHS = NO;
				CLANG_ANALYZER_NONNULL = YES;
				CLANG_ANALYZER_NUMBER_OBJECT_CONVERSION = YES_AGGRESSIVE;
				CLANG_CXX_LANGUAGE_STANDARD = "gnu++20";
				CLANG_ENABLE_MODULES = YES;
				CLANG_ENABLE_OBJC_ARC = YES;
				CLANG_ENABLE_OBJC_WEAK = YES;
				CLANG_WARN_BLOCK_CAPTURE_AUTORELEASING = YES;
				CLANG_WARN_BOOL_CONVERSION = YES;
				CLANG_WARN_COMMA = YES;
				CLANG_WARN_CONSTANT_CONVERSION = YES;
				CLANG_WARN_DEPRECATED_OBJC_IMPLEMENTATIONS = YES;
				CLANG_WARN_DIRECT_OBJC_ISA_USAGE = YES_ERROR;
				CLANG_WARN_DOCUMENTATION_COMMENTS = YES;
				CLANG_WARN_EMPTY_BODY = YES;
				CLANG_WARN_ENUM_CONVERSION = YES;
				CLANG_WARN_INFINITE_RECURSION = YES;
				CLANG_WARN_INT_CONVERSION = YES;
				CLANG_WARN_NON_LITERAL_NULL_CONVERSION = YES;
				CLANG_WARN_OBJC_IMPLICIT_RETAIN_SELF = YES;
				CLANG_WARN_OBJC_LITERAL_CONVERSION = YES;
				CLANG_WARN_OBJC_ROOT_CLASS = YES_ERROR;
				CLANG_WARN_QUOTED_INCLUDE_IN_FRAMEWORK_HEADER = YES;
				CLANG_WARN_RANGE_LOOP_ANALYSIS = YES;
				CLANG_WARN_STRICT_PROTOTYPES = YES;
				CLANG_WARN_SUSPICIOUS_MOVE = YES;
				CLANG_WARN_UNGUARDED_AVAILABILITY = YES_AGGRESSIVE;
				CLANG_WARN_UNREACHABLE_CODE = YES;
				CLANG_WARN__DUPLICATE_METHOD_MATCH = YES;
				COPY_PHASE_STRIP = NO;
				DEBUG_INFORMATION_FORMAT = dwarf;
				ENABLE_STRICT_OBJC_MSGSEND = YES;
				ENABLE_TESTABILITY = YES;
				GCC_C_LANGUAGE_STANDARD = gnu11;
				GCC_DYNAMIC_NO_PIC = NO;
				GCC_NO_COMMON_BLOCKS = YES;
				GCC_OPTIMIZATION_LEVEL = 0;
				GCC_PREPROCESSOR_DEFINITIONS = (
					"DEBUG=1",
					"$(inherited)",
				);
				GCC_WARN_64_TO_32_BIT_CONVERSION = YES;
				GCC_WARN_ABOUT_RETURN_TYPE = YES_ERROR;
				GCC_WARN_UNDECLARED_SELECTOR = YES;
				GCC_WARN_UNINITIALIZED_AUTOS = YES_AGGRESSIVE;
				GCC_WARN_UNUSED_FUNCTION = YES;
				GCC_WARN_UNUSED_VARIABLE = YES;
				IPHONEOS_DEPLOYMENT_TARGET = 16.0;
				MTL_ENABLE_DEBUG_INFO = INCLUDE_SOURCE;
				MTL_FAST_MATH = YES;
				ONLY_ACTIVE_ARCH = YES;
				SDKROOT = iphoneos;
				SWIFT_ACTIVE_COMPILATION_CONDITIONS = DEBUG;
				SWIFT_OPTIMIZATION_LEVEL = "-Onone";
			};
			name = Debug;
		};
		D39D2C742915FC170069E526 /* Release */ = {
			isa = XCBuildConfiguration;
			buildSettings = {
				ALWAYS_SEARCH_USER_PATHS = NO;
				CLANG_ANALYZER_NONNULL = YES;
				CLANG_ANALYZER_NUMBER_OBJECT_CONVERSION = YES_AGGRESSIVE;
				CLANG_CXX_LANGUAGE_STANDARD = "gnu++20";
				CLANG_ENABLE_MODULES = YES;
				CLANG_ENABLE_OBJC_ARC = YES;
				CLANG_ENABLE_OBJC_WEAK = YES;
				CLANG_WARN_BLOCK_CAPTURE_AUTORELEASING = YES;
				CLANG_WARN_BOOL_CONVERSION = YES;
				CLANG_WARN_COMMA = YES;
				CLANG_WARN_CONSTANT_CONVERSION = YES;
				CLANG_WARN_DEPRECATED_OBJC_IMPLEMENTATIONS = YES;
				CLANG_WARN_DIRECT_OBJC_ISA_USAGE = YES_ERROR;
				CLANG_WARN_DOCUMENTATION_COMMENTS = YES;
				CLANG_WARN_EMPTY_BODY = YES;
				CLANG_WARN_ENUM_CONVERSION = YES;
				CLANG_WARN_INFINITE_RECURSION = YES;
				CLANG_WARN_INT_CONVERSION = YES;
				CLANG_WARN_NON_LITERAL_NULL_CONVERSION = YES;
				CLANG_WARN_OBJC_IMPLICIT_RETAIN_SELF = YES;
				CLANG_WARN_OBJC_LITERAL_CONVERSION = YES;
				CLANG_WARN_OBJC_ROOT_CLASS = YES_ERROR;
				CLANG_WARN_QUOTED_INCLUDE_IN_FRAMEWORK_HEADER = YES;
				CLANG_WARN_RANGE_LOOP_ANALYSIS = YES;
				CLANG_WARN_STRICT_PROTOTYPES = YES;
				CLANG_WARN_SUSPICIOUS_MOVE = YES;
				CLANG_WARN_UNGUARDED_AVAILABILITY = YES_AGGRESSIVE;
				CLANG_WARN_UNREACHABLE_CODE = YES;
				CLANG_WARN__DUPLICATE_METHOD_MATCH = YES;
				COPY_PHASE_STRIP = NO;
				DEBUG_INFORMATION_FORMAT = "dwarf-with-dsym";
				ENABLE_NS_ASSERTIONS = NO;
				ENABLE_STRICT_OBJC_MSGSEND = YES;
				GCC_C_LANGUAGE_STANDARD = gnu11;
				GCC_NO_COMMON_BLOCKS = YES;
				GCC_WARN_64_TO_32_BIT_CONVERSION = YES;
				GCC_WARN_ABOUT_RETURN_TYPE = YES_ERROR;
				GCC_WARN_UNDECLARED_SELECTOR = YES;
				GCC_WARN_UNINITIALIZED_AUTOS = YES_AGGRESSIVE;
				GCC_WARN_UNUSED_FUNCTION = YES;
				GCC_WARN_UNUSED_VARIABLE = YES;
				IPHONEOS_DEPLOYMENT_TARGET = 16.0;
				MTL_ENABLE_DEBUG_INFO = NO;
				MTL_FAST_MATH = YES;
				SDKROOT = iphoneos;
				SWIFT_COMPILATION_MODE = wholemodule;
				SWIFT_OPTIMIZATION_LEVEL = "-O";
				VALIDATE_PRODUCT = YES;
			};
			name = Release;
		};
		D39D2C762915FC170069E526 /* Debug */ = {
			isa = XCBuildConfiguration;
			buildSettings = {
				ASSETCATALOG_COMPILER_APPICON_NAME = AppIcon;
				ASSETCATALOG_COMPILER_GLOBAL_ACCENT_COLOR_NAME = AccentColor;
				CODE_SIGN_STYLE = Automatic;
				CURRENT_PROJECT_VERSION = 1;
				DEVELOPMENT_TEAM = KFG37AXT2Q;
				GENERATE_INFOPLIST_FILE = YES;
				INFOPLIST_FILE = Today/Info.plist;
				INFOPLIST_KEY_UIApplicationSupportsIndirectInputEvents = YES;
				INFOPLIST_KEY_UILaunchStoryboardName = LaunchScreen;
				INFOPLIST_KEY_UIMainStoryboardFile = Main;
				INFOPLIST_KEY_UISupportedInterfaceOrientations_iPad = "UIInterfaceOrientationPortrait UIInterfaceOrientationPortraitUpsideDown UIInterfaceOrientationLandscapeLeft UIInterfaceOrientationLandscapeRight";
				INFOPLIST_KEY_UISupportedInterfaceOrientations_iPhone = "UIInterfaceOrientationPortrait UIInterfaceOrientationLandscapeLeft UIInterfaceOrientationLandscapeRight";
				LD_RUNPATH_SEARCH_PATHS = (
					"$(inherited)",
					"@executable_path/Frameworks",
				);
				MARKETING_VERSION = 1.0;
				PRODUCT_BUNDLE_IDENTIFIER = kr.co.hyunsu.Today;
				PRODUCT_NAME = "$(TARGET_NAME)";
				SWIFT_EMIT_LOC_STRINGS = YES;
				SWIFT_VERSION = 5.0;
				TARGETED_DEVICE_FAMILY = "1,2";
			};
			name = Debug;
		};
		D39D2C772915FC170069E526 /* Release */ = {
			isa = XCBuildConfiguration;
			buildSettings = {
				ASSETCATALOG_COMPILER_APPICON_NAME = AppIcon;
				ASSETCATALOG_COMPILER_GLOBAL_ACCENT_COLOR_NAME = AccentColor;
				CODE_SIGN_STYLE = Automatic;
				CURRENT_PROJECT_VERSION = 1;
				DEVELOPMENT_TEAM = KFG37AXT2Q;
				GENERATE_INFOPLIST_FILE = YES;
				INFOPLIST_FILE = Today/Info.plist;
				INFOPLIST_KEY_UIApplicationSupportsIndirectInputEvents = YES;
				INFOPLIST_KEY_UILaunchStoryboardName = LaunchScreen;
				INFOPLIST_KEY_UIMainStoryboardFile = Main;
				INFOPLIST_KEY_UISupportedInterfaceOrientations_iPad = "UIInterfaceOrientationPortrait UIInterfaceOrientationPortraitUpsideDown UIInterfaceOrientationLandscapeLeft UIInterfaceOrientationLandscapeRight";
				INFOPLIST_KEY_UISupportedInterfaceOrientations_iPhone = "UIInterfaceOrientationPortrait UIInterfaceOrientationLandscapeLeft UIInterfaceOrientationLandscapeRight";
				LD_RUNPATH_SEARCH_PATHS = (
					"$(inherited)",
					"@executable_path/Frameworks",
				);
				MARKETING_VERSION = 1.0;
				PRODUCT_BUNDLE_IDENTIFIER = kr.co.hyunsu.Today;
				PRODUCT_NAME = "$(TARGET_NAME)";
				SWIFT_EMIT_LOC_STRINGS = YES;
				SWIFT_VERSION = 5.0;
				TARGETED_DEVICE_FAMILY = "1,2";
			};
			name = Release;
		};
/* End XCBuildConfiguration section */

/* Begin XCConfigurationList section */
		D39D2C5C2915FC150069E526 /* Build configuration list for PBXProject "Today" */ = {
			isa = XCConfigurationList;
			buildConfigurations = (
				D39D2C732915FC170069E526 /* Debug */,
				D39D2C742915FC170069E526 /* Release */,
			);
			defaultConfigurationIsVisible = 0;
			defaultConfigurationName = Release;
		};
		D39D2C752915FC170069E526 /* Build configuration list for PBXNativeTarget "Today" */ = {
			isa = XCConfigurationList;
			buildConfigurations = (
				D39D2C762915FC170069E526 /* Debug */,
				D39D2C772915FC170069E526 /* Release */,
			);
			defaultConfigurationIsVisible = 0;
			defaultConfigurationName = Release;
		};
/* End XCConfigurationList section */
	};
	rootObject = D39D2C592915FC150069E526 /* Project object */;
}
